
Microsoft Visual Studio Solution File, Format Version 12.00
# Visual Studio Version 17
VisualStudioVersion = 17.7.34202.233
MinimumVisualStudioVersion = 10.0.40219.1
Project("{8BC9CEB8-8B4A-11D0-8D11-00A0C91BC942}") = "UcheHadassah7_3", "UcheHadassah7_3\UcheHadassah7_3.vcxproj", "{6F69F9B5-6C00-4E1B-A2CE-C2FD3C4DDEFB}"
EndProject
Global
	GlobalSection(SolutionConfigurationPlatforms) = preSolution
		Debug|x64 = Debug|x64
		Debug|x86 = Debug|x86
		Release|x64 = Release|x64
		Release|x86 = Release|x86
	EndGlobalSection
	GlobalSection(ProjectConfigurationPlatforms) = postSolution
		{6F69F9B5-6C00-4E1B-A2CE-C2FD3C4DDEFB}.Debug|x64.ActiveCfg = Debug|x64
		{6F69F9B5-6C00-4E1B-A2CE-C2FD3C4DDEFB}.Debug|x64.Build.0 = Debug|x64
		{6F69F9B5-6C00-4E1B-A2CE-C2FD3C4DDEFB}.Debug|x86.ActiveCfg = Debug|Win32
		{6F69F9B5-6C00-4E1B-A2CE-C2FD3C4DDEFB}.Debug|x86.Build.0 = Debug|Win32
		{6F69F9B5-6C00-4E1B-A2CE-C2FD3C4DDEFB}.Release|x64.ActiveCfg = Release|x64
		{6F69F9B5-6C00-4E1B-A2CE-C2FD3C4DDEFB}.Release|x64.Build.0 = Release|x64
		{6F69F9B5-6C00-4E1B-A2CE-C2FD3C4DDEFB}.Release|x86.ActiveCfg = Release|Win32
		{6F69F9B5-6C00-4E1B-A2CE-C2FD3C4DDEFB}.Release|x86.Build.0 = Release|Win32
	EndGlobalSection
	GlobalSection(SolutionProperties) = preSolution
		HideSolutionNode = FALSE
	EndGlobalSection
	GlobalSection(ExtensibilityGlobals) = postSolution
		SolutionGuid = {31747C6D-6760-4428-958C-E6F21BFF42B2}
	EndGlobalSection
EndGlobal
